
Microsoft Visual Studio Solution File, Format Version 12.00
# Visual Studio Version 17
VisualStudioVersion = 17.4.33213.308
MinimumVisualStudioVersion = 10.0.40219.1
Project("{FAE04EC0-301F-11D3-BF4B-00C04F79EFBC}") = "TP2_Gabriel_Lavoie", "TP2_Gabriel_Lavoie.csproj", "{76BB7B90-CA93-44C1-8884-FD51F30B096B}"
EndProject
Global
	GlobalSection(SolutionConfigurationPlatforms) = preSolution
		Debug|Any CPU = Debug|Any CPU
		Release|Any CPU = Release|Any CPU
	EndGlobalSection
	GlobalSection(ProjectConfigurationPlatforms) = postSolution
		{76BB7B90-CA93-44C1-8884-FD51F30B096B}.Debug|Any CPU.ActiveCfg = Debug|Any CPU
		{76BB7B90-CA93-44C1-8884-FD51F30B096B}.Debug|Any CPU.Build.0 = Debug|Any CPU
		{76BB7B90-CA93-44C1-8884-FD51F30B096B}.Release|Any CPU.ActiveCfg = Release|Any CPU
		{76BB7B90-CA93-44C1-8884-FD51F30B096B}.Release|Any CPU.Build.0 = Release|Any CPU
	EndGlobalSection
	GlobalSection(SolutionProperties) = preSolution
		HideSolutionNode = FALSE
	EndGlobalSection
	GlobalSection(ExtensibilityGlobals) = postSolution
		SolutionGuid = {ADA65FE2-B944-4DAC-ACCA-497FB125C74F}
	EndGlobalSection
EndGlobal
